// !$*UTF8*$!
{
	archiveVersion = 1;
	classes = {
	};
	objectVersion = 56;
	objects = {

/* Begin PBXBuildFile section */
		D8238CBA2B6BC9A600EBD224 /* AppDelegate.swift in Sources */ = {isa = PBXBuildFile; fileRef = D8238CB92B6BC9A600EBD224 /* AppDelegate.swift */; };
		D8238CBC2B6BC9A600EBD224 /* SceneDelegate.swift in Sources */ = {isa = PBXBuildFile; fileRef = D8238CBB2B6BC9A600EBD224 /* SceneDelegate.swift */; };
		D8238CBE2B6BC9A600EBD224 /* ViewController.swift in Sources */ = {isa = PBXBuildFile; fileRef = D8238CBD2B6BC9A600EBD224 /* ViewController.swift */; };
		D8238CC32B6BC9A800EBD224 /* Assets.xcassets in Resources */ = {isa = PBXBuildFile; fileRef = D8238CC22B6BC9A800EBD224 /* Assets.xcassets */; };
		D8238CC62B6BC9A800EBD224 /* LaunchScreen.storyboard in Resources */ = {isa = PBXBuildFile; fileRef = D8238CC42B6BC9A800EBD224 /* LaunchScreen.storyboard */; };
		D8238CD12B6BC9A800EBD224 /* rick_mortyTests.swift in Sources */ = {isa = PBXBuildFile; fileRef = D8238CD02B6BC9A800EBD224 /* rick_mortyTests.swift */; };
		D8238CDB2B6BC9A800EBD224 /* rick_mortyUITests.swift in Sources */ = {isa = PBXBuildFile; fileRef = D8238CDA2B6BC9A800EBD224 /* rick_mortyUITests.swift */; };
		D8238CDD2B6BC9A800EBD224 /* rick_mortyUITestsLaunchTests.swift in Sources */ = {isa = PBXBuildFile; fileRef = D8238CDC2B6BC9A800EBD224 /* rick_mortyUITestsLaunchTests.swift */; };
/* End PBXBuildFile section */

/* Begin PBXContainerItemProxy section */
		D8238CCD2B6BC9A800EBD224 /* PBXContainerItemProxy */ = {
			isa = PBXContainerItemProxy;
			containerPortal = D8238CAE2B6BC9A600EBD224 /* Project object */;
			proxyType = 1;
			remoteGlobalIDString = D8238CB52B6BC9A600EBD224;
			remoteInfo = "rick-morty";
		};
		D8238CD72B6BC9A800EBD224 /* PBXContainerItemProxy */ = {
			isa = PBXContainerItemProxy;
			containerPortal = D8238CAE2B6BC9A600EBD224 /* Project object */;
			proxyType = 1;
			remoteGlobalIDString = D8238CB52B6BC9A600EBD224;
			remoteInfo = "rick-morty";
		};
/* End PBXContainerItemProxy section */

/* Begin PBXFileReference section */
		D8238CB62B6BC9A600EBD224 /* rick-morty.app */ = {isa = PBXFileReference; explicitFileType = wrapper.application; includeInIndex = 0; path = "rick-morty.app"; sourceTree = BUILT_PRODUCTS_DIR; };
		D8238CB92B6BC9A600EBD224 /* AppDelegate.swift */ = {isa = PBXFileReference; lastKnownFileType = sourcecode.swift; path = AppDelegate.swift; sourceTree = "<group>"; };
		D8238CBB2B6BC9A600EBD224 /* SceneDelegate.swift */ = {isa = PBXFileReference; lastKnownFileType = sourcecode.swift; path = SceneDelegate.swift; sourceTree = "<group>"; };
		D8238CBD2B6BC9A600EBD224 /* ViewController.swift */ = {isa = PBXFileReference; lastKnownFileType = sourcecode.swift; path = ViewController.swift; sourceTree = "<group>"; };
		D8238CC22B6BC9A800EBD224 /* Assets.xcassets */ = {isa = PBXFileReference; lastKnownFileType = folder.assetcatalog; path = Assets.xcassets; sourceTree = "<group>"; };
		D8238CC52B6BC9A800EBD224 /* Base */ = {isa = PBXFileReference; lastKnownFileType = file.storyboard; name = Base; path = Base.lproj/LaunchScreen.storyboard; sourceTree = "<group>"; };
		D8238CC72B6BC9A800EBD224 /* Info.plist */ = {isa = PBXFileReference; lastKnownFileType = text.plist.xml; path = Info.plist; sourceTree = "<group>"; };
		D8238CCC2B6BC9A800EBD224 /* rick-mortyTests.xctest */ = {isa = PBXFileReference; explicitFileType = wrapper.cfbundle; includeInIndex = 0; path = "rick-mortyTests.xctest"; sourceTree = BUILT_PRODUCTS_DIR; };
		D8238CD02B6BC9A800EBD224 /* rick_mortyTests.swift */ = {isa = PBXFileReference; lastKnownFileType = sourcecode.swift; path = rick_mortyTests.swift; sourceTree = "<group>"; };
		D8238CD62B6BC9A800EBD224 /* rick-mortyUITests.xctest */ = {isa = PBXFileReference; explicitFileType = wrapper.cfbundle; includeInIndex = 0; path = "rick-mortyUITests.xctest"; sourceTree = BUILT_PRODUCTS_DIR; };
		D8238CDA2B6BC9A800EBD224 /* rick_mortyUITests.swift */ = {isa = PBXFileReference; lastKnownFileType = sourcecode.swift; path = rick_mortyUITests.swift; sourceTree = "<group>"; };
		D8238CDC2B6BC9A800EBD224 /* rick_mortyUITestsLaunchTests.swift */ = {isa = PBXFileReference; lastKnownFileType = sourcecode.swift; path = rick_mortyUITestsLaunchTests.swift; sourceTree = "<group>"; };
/* End PBXFileReference section */

/* Begin PBXFrameworksBuildPhase section */
		D8238CB32B6BC9A600EBD224 /* Frameworks */ = {
			isa = PBXFrameworksBuildPhase;
			buildActionMask = 2147483647;
			files = (
			);
			runOnlyForDeploymentPostprocessing = 0;
		};
		D8238CC92B6BC9A800EBD224 /* Frameworks */ = {
			isa = PBXFrameworksBuildPhase;
			buildActionMask = 2147483647;
			files = (
			);
			runOnlyForDeploymentPostprocessing = 0;
		};
		D8238CD32B6BC9A800EBD224 /* Frameworks */ = {
			isa = PBXFrameworksBuildPhase;
			buildActionMask = 2147483647;
			files = (
			);
			runOnlyForDeploymentPostprocessing = 0;
		};
/* End PBXFrameworksBuildPhase section */

/* Begin PBXGroup section */
		D8238CAD2B6BC9A600EBD224 = {
			isa = PBXGroup;
			children = (
				D8238CB82B6BC9A600EBD224 /* rick-morty */,
				D8238CCF2B6BC9A800EBD224 /* rick-mortyTests */,
				D8238CD92B6BC9A800EBD224 /* rick-mortyUITests */,
				D8238CB72B6BC9A600EBD224 /* Products */,
			);
			sourceTree = "<group>";
		};
		D8238CB72B6BC9A600EBD224 /* Products */ = {
			isa = PBXGroup;
			children = (
				D8238CB62B6BC9A600EBD224 /* rick-morty.app */,
				D8238CCC2B6BC9A800EBD224 /* rick-mortyTests.xctest */,
				D8238CD62B6BC9A800EBD224 /* rick-mortyUITests.xctest */,
			);
			name = Products;
			sourceTree = "<group>";
		};
		D8238CB82B6BC9A600EBD224 /* rick-morty */ = {
			isa = PBXGroup;
			children = (
				D8238CB92B6BC9A600EBD224 /* AppDelegate.swift */,
				D8238CBB2B6BC9A600EBD224 /* SceneDelegate.swift */,
				D8238CBD2B6BC9A600EBD224 /* ViewController.swift */,
				D8238CC22B6BC9A800EBD224 /* Assets.xcassets */,
				D8238CC42B6BC9A800EBD224 /* LaunchScreen.storyboard */,
				D8238CC72B6BC9A800EBD224 /* Info.plist */,
			);
			path = "rick-morty";
			sourceTree = "<group>";
		};
		D8238CCF2B6BC9A800EBD224 /* rick-mortyTests */ = {
			isa = PBXGroup;
			children = (
				D8238CD02B6BC9A800EBD224 /* rick_mortyTests.swift */,
			);
			path = "rick-mortyTests";
			sourceTree = SOURCE_ROOT;
		};
		D8238CD92B6BC9A800EBD224 /* rick-mortyUITests */ = {
			isa = PBXGroup;
			children = (
				D8238CDA2B6BC9A800EBD224 /* rick_mortyUITests.swift */,
				D8238CDC2B6BC9A800EBD224 /* rick_mortyUITestsLaunchTests.swift */,
			);
			path = "rick-mortyUITests";
			sourceTree = "<group>";
		};
/* End PBXGroup section */

/* Begin PBXNativeTarget section */
		D8238CB52B6BC9A600EBD224 /* rick-morty */ = {
			isa = PBXNativeTarget;
			buildConfigurationList = D8238CE02B6BC9A800EBD224 /* Build configuration list for PBXNativeTarget "rick-morty" */;
			buildPhases = (
				D8238CB22B6BC9A600EBD224 /* Sources */,
				D8238CB32B6BC9A600EBD224 /* Frameworks */,
				D8238CB42B6BC9A600EBD224 /* Resources */,
				D8238CEC2B6E5FF100EBD224 /* Swiftlint */,
			);
			buildRules = (
			);
			dependencies = (
			);
			name = "rick-morty";
			productName = "rick-morty";
			productReference = D8238CB62B6BC9A600EBD224 /* rick-morty.app */;
			productType = "com.apple.product-type.application";
		};
		D8238CCB2B6BC9A800EBD224 /* rick-mortyTests */ = {
			isa = PBXNativeTarget;
			buildConfigurationList = D8238CE32B6BC9A800EBD224 /* Build configuration list for PBXNativeTarget "rick-mortyTests" */;
			buildPhases = (
				D8238CC82B6BC9A800EBD224 /* Sources */,
				D8238CC92B6BC9A800EBD224 /* Frameworks */,
				D8238CCA2B6BC9A800EBD224 /* Resources */,
			);
			buildRules = (
			);
			dependencies = (
				D8238CCE2B6BC9A800EBD224 /* PBXTargetDependency */,
			);
			name = "rick-mortyTests";
			productName = "rick-mortyTests";
			productReference = D8238CCC2B6BC9A800EBD224 /* rick-mortyTests.xctest */;
			productType = "com.apple.product-type.bundle.unit-test";
		};
		D8238CD52B6BC9A800EBD224 /* rick-mortyUITests */ = {
			isa = PBXNativeTarget;
			buildConfigurationList = D8238CE62B6BC9A800EBD224 /* Build configuration list for PBXNativeTarget "rick-mortyUITests" */;
			buildPhases = (
				D8238CD22B6BC9A800EBD224 /* Sources */,
				D8238CD32B6BC9A800EBD224 /* Frameworks */,
				D8238CD42B6BC9A800EBD224 /* Resources */,
			);
			buildRules = (
			);
			dependencies = (
				D8238CD82B6BC9A800EBD224 /* PBXTargetDependency */,
			);
			name = "rick-mortyUITests";
			productName = "rick-mortyUITests";
			productReference = D8238CD62B6BC9A800EBD224 /* rick-mortyUITests.xctest */;
			productType = "com.apple.product-type.bundle.ui-testing";
		};
/* End PBXNativeTarget section */

/* Begin PBXProject section */
		D8238CAE2B6BC9A600EBD224 /* Project object */ = {
			isa = PBXProject;
			attributes = {
				BuildIndependentTargetsInParallel = 1;
				LastSwiftUpdateCheck = 1520;
				LastUpgradeCheck = 1520;
				TargetAttributes = {
					D8238CB52B6BC9A600EBD224 = {
						CreatedOnToolsVersion = 15.2;
					};
					D8238CCB2B6BC9A800EBD224 = {
						CreatedOnToolsVersion = 15.2;
						TestTargetID = D8238CB52B6BC9A600EBD224;
					};
					D8238CD52B6BC9A800EBD224 = {
						CreatedOnToolsVersion = 15.2;
						TestTargetID = D8238CB52B6BC9A600EBD224;
					};
				};
			};
			buildConfigurationList = D8238CB12B6BC9A600EBD224 /* Build configuration list for PBXProject "rick-morty" */;
			compatibilityVersion = "Xcode 14.0";
			developmentRegion = en;
			hasScannedForEncodings = 0;
			knownRegions = (
				en,
				Base,
			);
			mainGroup = D8238CAD2B6BC9A600EBD224;
			productRefGroup = D8238CB72B6BC9A600EBD224 /* Products */;
			projectDirPath = "";
			projectRoot = "";
			targets = (
				D8238CB52B6BC9A600EBD224 /* rick-morty */,
				D8238CCB2B6BC9A800EBD224 /* rick-mortyTests */,
				D8238CD52B6BC9A800EBD224 /* rick-mortyUITests */,
			);
		};
/* End PBXProject section */

/* Begin PBXResourcesBuildPhase section */
		D8238CB42B6BC9A600EBD224 /* Resources */ = {
			isa = PBXResourcesBuildPhase;
			buildActionMask = 2147483647;
			files = (
				D8238CC62B6BC9A800EBD224 /* LaunchScreen.storyboard in Resources */,
				D8238CC32B6BC9A800EBD224 /* Assets.xcassets in Resources */,
			);
			runOnlyForDeploymentPostprocessing = 0;
		};
		D8238CCA2B6BC9A800EBD224 /* Resources */ = {
			isa = PBXResourcesBuildPhase;
			buildActionMask = 2147483647;
			files = (
			);
			runOnlyForDeploymentPostprocessing = 0;
		};
		D8238CD42B6BC9A800EBD224 /* Resources */ = {
			isa = PBXResourcesBuildPhase;
			buildActionMask = 2147483647;
			files = (
			);
			runOnlyForDeploymentPostprocessing = 0;
		};
/* End PBXResourcesBuildPhase section */

/* Begin PBXShellScriptBuildPhase section */
		D8238CEC2B6E5FF100EBD224 /* Swiftlint */ = {
			isa = PBXShellScriptBuildPhase;
			buildActionMask = 2147483647;
			files = (
			);
			inputFileListPaths = (
			);
			inputPaths = (
			);
			name = Swiftlint;
			outputFileListPaths = (
			);
			outputPaths = (
			);
			runOnlyForDeploymentPostprocessing = 0;
			shellPath = /bin/sh;
			shellScript = "if [[ \"$(uname -m)\" == arm64 ]]; then\n    export PATH=\"/opt/homebrew/bin:$PATH\"\nfi\n\nif which swiftlint > /dev/null; then\n  swiftlint\nelse\n  echo \"warning: SwiftLint not installed, download from https://github.com/realm/SwiftLint\"\nfi\n";
		};
/* End PBXShellScriptBuildPhase section */

/* Begin PBXSourcesBuildPhase section */
		D8238CB22B6BC9A600EBD224 /* Sources */ = {
			isa = PBXSourcesBuildPhase;
			buildActionMask = 2147483647;
			files = (
				D8238CBE2B6BC9A600EBD224 /* ViewController.swift in Sources */,
				D8238CBA2B6BC9A600EBD224 /* AppDelegate.swift in Sources */,
				D8238CBC2B6BC9A600EBD224 /* SceneDelegate.swift in Sources */,
			);
			runOnlyForDeploymentPostprocessing = 0;
		};
		D8238CC82B6BC9A800EBD224 /* Sources */ = {
			isa = PBXSourcesBuildPhase;
			buildActionMask = 2147483647;
			files = (
				D8238CD12B6BC9A800EBD224 /* rick_mortyTests.swift in Sources */,
			);
			runOnlyForDeploymentPostprocessing = 0;
		};
		D8238CD22B6BC9A800EBD224 /* Sources */ = {
			isa = PBXSourcesBuildPhase;
			buildActionMask = 2147483647;
			files = (
				D8238CDB2B6BC9A800EBD224 /* rick_mortyUITests.swift in Sources */,
				D8238CDD2B6BC9A800EBD224 /* rick_mortyUITestsLaunchTests.swift in Sources */,
			);
			runOnlyForDeploymentPostprocessing = 0;
		};
/* End PBXSourcesBuildPhase section */

/* Begin PBXTargetDependency section */
		D8238CCE2B6BC9A800EBD224 /* PBXTargetDependency */ = {
			isa = PBXTargetDependency;
			target = D8238CB52B6BC9A600EBD224 /* rick-morty */;
			targetProxy = D8238CCD2B6BC9A800EBD224 /* PBXContainerItemProxy */;
		};
		D8238CD82B6BC9A800EBD224 /* PBXTargetDependency */ = {
			isa = PBXTargetDependency;
			target = D8238CB52B6BC9A600EBD224 /* rick-morty */;
			targetProxy = D8238CD72B6BC9A800EBD224 /* PBXContainerItemProxy */;
		};
/* End PBXTargetDependency section */

/* Begin PBXVariantGroup section */
		D8238CC42B6BC9A800EBD224 /* LaunchScreen.storyboard */ = {
			isa = PBXVariantGroup;
			children = (
				D8238CC52B6BC9A800EBD224 /* Base */,
			);
			name = LaunchScreen.storyboard;
			sourceTree = "<group>";
		};
/* End PBXVariantGroup section */

/* Begin XCBuildConfiguration section */
		D8238CDE2B6BC9A800EBD224 /* Debug */ = {
			isa = XCBuildConfiguration;
			buildSettings = {
				ALWAYS_SEARCH_USER_PATHS = NO;
				ASSETCATALOG_COMPILER_GENERATE_SWIFT_ASSET_SYMBOL_EXTENSIONS = YES;
				CLANG_ANALYZER_NONNULL = YES;
				CLANG_ANALYZER_NUMBER_OBJECT_CONVERSION = YES_AGGRESSIVE;
				CLANG_CXX_LANGUAGE_STANDARD = "gnu++20";
				CLANG_ENABLE_MODULES = YES;
				CLANG_ENABLE_OBJC_ARC = YES;
				CLANG_ENABLE_OBJC_WEAK = YES;
				CLANG_WARN_BLOCK_CAPTURE_AUTORELEASING = YES;
				CLANG_WARN_BOOL_CONVERSION = YES;
				CLANG_WARN_COMMA = YES;
				CLANG_WARN_CONSTANT_CONVERSION = YES;
				CLANG_WARN_DEPRECATED_OBJC_IMPLEMENTATIONS = YES;
				CLANG_WARN_DIRECT_OBJC_ISA_USAGE = YES_ERROR;
				CLANG_WARN_DOCUMENTATION_COMMENTS = YES;
				CLANG_WARN_EMPTY_BODY = YES;
				CLANG_WARN_ENUM_CONVERSION = YES;
				CLANG_WARN_INFINITE_RECURSION = YES;
				CLANG_WARN_INT_CONVERSION = YES;
				CLANG_WARN_NON_LITERAL_NULL_CONVERSION = YES;
				CLANG_WARN_OBJC_IMPLICIT_RETAIN_SELF = YES;
				CLANG_WARN_OBJC_LITERAL_CONVERSION = YES;
				CLANG_WARN_OBJC_ROOT_CLASS = YES_ERROR;
				CLANG_WARN_QUOTED_INCLUDE_IN_FRAMEWORK_HEADER = YES;
				CLANG_WARN_RANGE_LOOP_ANALYSIS = YES;
				CLANG_WARN_STRICT_PROTOTYPES = YES;
				CLANG_WARN_SUSPICIOUS_MOVE = YES;
				CLANG_WARN_UNGUARDED_AVAILABILITY = YES_AGGRESSIVE;
				CLANG_WARN_UNREACHABLE_CODE = YES;
				CLANG_WARN__DUPLICATE_METHOD_MATCH = YES;
				COPY_PHASE_STRIP = NO;
				DEBUG_INFORMATION_FORMAT = dwarf;
				ENABLE_STRICT_OBJC_MSGSEND = YES;
				ENABLE_TESTABILITY = YES;
				ENABLE_USER_SCRIPT_SANDBOXING = YES;
				GCC_C_LANGUAGE_STANDARD = gnu17;
				GCC_DYNAMIC_NO_PIC = NO;
				GCC_NO_COMMON_BLOCKS = YES;
				GCC_OPTIMIZATION_LEVEL = 0;
				GCC_PREPROCESSOR_DEFINITIONS = (
					"DEBUG=1",
					"$(inherited)",
				);
				GCC_WARN_64_TO_32_BIT_CONVERSION = YES;
				GCC_WARN_ABOUT_RETURN_TYPE = YES_ERROR;
				GCC_WARN_UNDECLARED_SELECTOR = YES;
				GCC_WARN_UNINITIALIZED_AUTOS = YES_AGGRESSIVE;
				GCC_WARN_UNUSED_FUNCTION = YES;
				GCC_WARN_UNUSED_VARIABLE = YES;
				IPHONEOS_DEPLOYMENT_TARGET = 17.2;
				LOCALIZATION_PREFERS_STRING_CATALOGS = YES;
				MTL_ENABLE_DEBUG_INFO = INCLUDE_SOURCE;
				MTL_FAST_MATH = YES;
				ONLY_ACTIVE_ARCH = YES;
				SDKROOT = iphoneos;
				SWIFT_ACTIVE_COMPILATION_CONDITIONS = "DEBUG $(inherited)";
				SWIFT_OPTIMIZATION_LEVEL = "-Onone";
			};
			name = Debug;
		};
		D8238CDF2B6BC9A800EBD224 /* Release */ = {
			isa = XCBuildConfiguration;
			buildSettings = {
				ALWAYS_SEARCH_USER_PATHS = NO;
				ASSETCATALOG_COMPILER_GENERATE_SWIFT_ASSET_SYMBOL_EXTENSIONS = YES;
				CLANG_ANALYZER_NONNULL = YES;
				CLANG_ANALYZER_NUMBER_OBJECT_CONVERSION = YES_AGGRESSIVE;
				CLANG_CXX_LANGUAGE_STANDARD = "gnu++20";
				CLANG_ENABLE_MODULES = YES;
				CLANG_ENABLE_OBJC_ARC = YES;
				CLANG_ENABLE_OBJC_WEAK = YES;
				CLANG_WARN_BLOCK_CAPTURE_AUTORELEASING = YES;
				CLANG_WARN_BOOL_CONVERSION = YES;
				CLANG_WARN_COMMA = YES;
				CLANG_WARN_CONSTANT_CONVERSION = YES;
				CLANG_WARN_DEPRECATED_OBJC_IMPLEMENTATIONS = YES;
				CLANG_WARN_DIRECT_OBJC_ISA_USAGE = YES_ERROR;
				CLANG_WARN_DOCUMENTATION_COMMENTS = YES;
				CLANG_WARN_EMPTY_BODY = YES;
				CLANG_WARN_ENUM_CONVERSION = YES;
				CLANG_WARN_INFINITE_RECURSION = YES;
				CLANG_WARN_INT_CONVERSION = YES;
				CLANG_WARN_NON_LITERAL_NULL_CONVERSION = YES;
				CLANG_WARN_OBJC_IMPLICIT_RETAIN_SELF = YES;
				CLANG_WARN_OBJC_LITERAL_CONVERSION = YES;
				CLANG_WARN_OBJC_ROOT_CLASS = YES_ERROR;
				CLANG_WARN_QUOTED_INCLUDE_IN_FRAMEWORK_HEADER = YES;
				CLANG_WARN_RANGE_LOOP_ANALYSIS = YES;
				CLANG_WARN_STRICT_PROTOTYPES = YES;
				CLANG_WARN_SUSPICIOUS_MOVE = YES;
				CLANG_WARN_UNGUARDED_AVAILABILITY = YES_AGGRESSIVE;
				CLANG_WARN_UNREACHABLE_CODE = YES;
				CLANG_WARN__DUPLICATE_METHOD_MATCH = YES;
				COPY_PHASE_STRIP = NO;
				DEBUG_INFORMATION_FORMAT = "dwarf-with-dsym";
				ENABLE_NS_ASSERTIONS = NO;
				ENABLE_STRICT_OBJC_MSGSEND = YES;
				ENABLE_USER_SCRIPT_SANDBOXING = YES;
				GCC_C_LANGUAGE_STANDARD = gnu17;
				GCC_NO_COMMON_BLOCKS = YES;
				GCC_WARN_64_TO_32_BIT_CONVERSION = YES;
				GCC_WARN_ABOUT_RETURN_TYPE = YES_ERROR;
				GCC_WARN_UNDECLARED_SELECTOR = YES;
				GCC_WARN_UNINITIALIZED_AUTOS = YES_AGGRESSIVE;
				GCC_WARN_UNUSED_FUNCTION = YES;
				GCC_WARN_UNUSED_VARIABLE = YES;
				IPHONEOS_DEPLOYMENT_TARGET = 17.2;
				LOCALIZATION_PREFERS_STRING_CATALOGS = YES;
				MTL_ENABLE_DEBUG_INFO = NO;
				MTL_FAST_MATH = YES;
				SDKROOT = iphoneos;
				SWIFT_COMPILATION_MODE = wholemodule;
				VALIDATE_PRODUCT = YES;
			};
			name = Release;
		};
		D8238CE12B6BC9A800EBD224 /* Debug */ = {
			isa = XCBuildConfiguration;
			buildSettings = {
				ASSETCATALOG_COMPILER_APPICON_NAME = AppIcon;
				ASSETCATALOG_COMPILER_GLOBAL_ACCENT_COLOR_NAME = AccentColor;
				CODE_SIGN_STYLE = Automatic;
				CURRENT_PROJECT_VERSION = 1;
				DEVELOPMENT_TEAM = 93SN3983XU;
				ENABLE_USER_SCRIPT_SANDBOXING = NO;
				GENERATE_INFOPLIST_FILE = YES;
				INFOPLIST_FILE = "rick-morty/Info.plist";
				INFOPLIST_KEY_UIApplicationSupportsIndirectInputEvents = YES;
				INFOPLIST_KEY_UILaunchStoryboardName = LaunchScreen;
				INFOPLIST_KEY_UISupportedInterfaceOrientations_iPad = "UIInterfaceOrientationPortrait UIInterfaceOrientationPortraitUpsideDown UIInterfaceOrientationLandscapeLeft UIInterfaceOrientationLandscapeRight";
				INFOPLIST_KEY_UISupportedInterfaceOrientations_iPhone = "UIInterfaceOrientationPortrait UIInterfaceOrientationLandscapeLeft UIInterfaceOrientationLandscapeRight";
				LD_RUNPATH_SEARCH_PATHS = (
					"$(inherited)",
					"@executable_path/Frameworks",
				);
				MARKETING_VERSION = 1.0;
				PRODUCT_BUNDLE_IDENTIFIER = "br.com.afonso.rodrigues.rick-morty";
				PRODUCT_NAME = "$(TARGET_NAME)";
				SWIFT_EMIT_LOC_STRINGS = YES;
				SWIFT_VERSION = 5.0;
				TARGETED_DEVICE_FAMILY = "1,2";
			};
			name = Debug;
		};
		D8238CE22B6BC9A800EBD224 /* Release */ = {
			isa = XCBuildConfiguration;
			buildSettings = {
				ASSETCATALOG_COMPILER_APPICON_NAME = AppIcon;
				ASSETCATALOG_COMPILER_GLOBAL_ACCENT_COLOR_NAME = AccentColor;
				CODE_SIGN_STYLE = Automatic;
				CURRENT_PROJECT_VERSION = 1;
				DEVELOPMENT_TEAM = 93SN3983XU;
				ENABLE_USER_SCRIPT_SANDBOXING = NO;
				GENERATE_INFOPLIST_FILE = YES;
				INFOPLIST_FILE = "rick-morty/Info.plist";
				INFOPLIST_KEY_UIApplicationSupportsIndirectInputEvents = YES;
				INFOPLIST_KEY_UILaunchStoryboardName = LaunchScreen;
				INFOPLIST_KEY_UISupportedInterfaceOrientations_iPad = "UIInterfaceOrientationPortrait UIInterfaceOrientationPortraitUpsideDown UIInterfaceOrientationLandscapeLeft UIInterfaceOrientationLandscapeRight";
				INFOPLIST_KEY_UISupportedInterfaceOrientations_iPhone = "UIInterfaceOrientationPortrait UIInterfaceOrientationLandscapeLeft UIInterfaceOrientationLandscapeRight";
				LD_RUNPATH_SEARCH_PATHS = (
					"$(inherited)",
					"@executable_path/Frameworks",
				);
				MARKETING_VERSION = 1.0;
				PRODUCT_BUNDLE_IDENTIFIER = "br.com.afonso.rodrigues.rick-morty";
				PRODUCT_NAME = "$(TARGET_NAME)";
				SWIFT_EMIT_LOC_STRINGS = YES;
				SWIFT_VERSION = 5.0;
				TARGETED_DEVICE_FAMILY = "1,2";
			};
			name = Release;
		};
		D8238CE42B6BC9A800EBD224 /* Debug */ = {
			isa = XCBuildConfiguration;
			buildSettings = {
				ALWAYS_EMBED_SWIFT_STANDARD_LIBRARIES = YES;
				BUNDLE_LOADER = "$(TEST_HOST)";
				CODE_SIGN_STYLE = Automatic;
				CURRENT_PROJECT_VERSION = 1;
				DEVELOPMENT_TEAM = 93SN3983XU;
				GENERATE_INFOPLIST_FILE = YES;
				IPHONEOS_DEPLOYMENT_TARGET = 17.2;
				MARKETING_VERSION = 1.0;
				PRODUCT_BUNDLE_IDENTIFIER = "br.com.afonso.rodrigues.rick-mortyTests";
				PRODUCT_NAME = "$(TARGET_NAME)";
				SWIFT_EMIT_LOC_STRINGS = NO;
				SWIFT_VERSION = 5.0;
				TARGETED_DEVICE_FAMILY = "1,2";
				TEST_HOST = "$(BUILT_PRODUCTS_DIR)/rick-morty.app/$(BUNDLE_EXECUTABLE_FOLDER_PATH)/rick-morty";
			};
			name = Debug;
		};
		D8238CE52B6BC9A800EBD224 /* Release */ = {
			isa = XCBuildConfiguration;
			buildSettings = {
				ALWAYS_EMBED_SWIFT_STANDARD_LIBRARIES = YES;
				BUNDLE_LOADER = "$(TEST_HOST)";
				CODE_SIGN_STYLE = Automatic;
				CURRENT_PROJECT_VERSION = 1;
				DEVELOPMENT_TEAM = 93SN3983XU;
				GENERATE_INFOPLIST_FILE = YES;
				IPHONEOS_DEPLOYMENT_TARGET = 17.2;
				MARKETING_VERSION = 1.0;
				PRODUCT_BUNDLE_IDENTIFIER = "br.com.afonso.rodrigues.rick-mortyTests";
				PRODUCT_NAME = "$(TARGET_NAME)";
				SWIFT_EMIT_LOC_STRINGS = NO;
				SWIFT_VERSION = 5.0;
				TARGETED_DEVICE_FAMILY = "1,2";
				TEST_HOST = "$(BUILT_PRODUCTS_DIR)/rick-morty.app/$(BUNDLE_EXECUTABLE_FOLDER_PATH)/rick-morty";
			};
			name = Release;
		};
		D8238CE72B6BC9A800EBD224 /* Debug */ = {
			isa = XCBuildConfiguration;
			buildSettings = {
				ALWAYS_EMBED_SWIFT_STANDARD_LIBRARIES = YES;
				CODE_SIGN_STYLE = Automatic;
				CURRENT_PROJECT_VERSION = 1;
				DEVELOPMENT_TEAM = 93SN3983XU;
				GENERATE_INFOPLIST_FILE = YES;
				MARKETING_VERSION = 1.0;
				PRODUCT_BUNDLE_IDENTIFIER = "br.com.afonso.rodrigues.rick-mortyUITests";
				PRODUCT_NAME = "$(TARGET_NAME)";
				SWIFT_EMIT_LOC_STRINGS = NO;
				SWIFT_VERSION = 5.0;
				TARGETED_DEVICE_FAMILY = "1,2";
				TEST_TARGET_NAME = "rick-morty";
			};
			name = Debug;
		};
		D8238CE82B6BC9A800EBD224 /* Release */ = {
			isa = XCBuildConfiguration;
			buildSettings = {
				ALWAYS_EMBED_SWIFT_STANDARD_LIBRARIES = YES;
				CODE_SIGN_STYLE = Automatic;
				CURRENT_PROJECT_VERSION = 1;
				DEVELOPMENT_TEAM = 93SN3983XU;
				GENERATE_INFOPLIST_FILE = YES;
				MARKETING_VERSION = 1.0;
				PRODUCT_BUNDLE_IDENTIFIER = "br.com.afonso.rodrigues.rick-mortyUITests";
				PRODUCT_NAME = "$(TARGET_NAME)";
				SWIFT_EMIT_LOC_STRINGS = NO;
				SWIFT_VERSION = 5.0;
				TARGETED_DEVICE_FAMILY = "1,2";
				TEST_TARGET_NAME = "rick-morty";
			};
			name = Release;
		};
/* End XCBuildConfiguration section */

/* Begin XCConfigurationList section */
		D8238CB12B6BC9A600EBD224 /* Build configuration list for PBXProject "rick-morty" */ = {
			isa = XCConfigurationList;
			buildConfigurations = (
				D8238CDE2B6BC9A800EBD224 /* Debug */,
				D8238CDF2B6BC9A800EBD224 /* Release */,
			);
			defaultConfigurationIsVisible = 0;
			defaultConfigurationName = Release;
		};
		D8238CE02B6BC9A800EBD224 /* Build configuration list for PBXNativeTarget "rick-morty" */ = {
			isa = XCConfigurationList;
			buildConfigurations = (
				D8238CE12B6BC9A800EBD224 /* Debug */,
				D8238CE22B6BC9A800EBD224 /* Release */,
			);
			defaultConfigurationIsVisible = 0;
			defaultConfigurationName = Release;
		};
		D8238CE32B6BC9A800EBD224 /* Build configuration list for PBXNativeTarget "rick-mortyTests" */ = {
			isa = XCConfigurationList;
			buildConfigurations = (
				D8238CE42B6BC9A800EBD224 /* Debug */,
				D8238CE52B6BC9A800EBD224 /* Release */,
			);
			defaultConfigurationIsVisible = 0;
			defaultConfigurationName = Release;
		};
		D8238CE62B6BC9A800EBD224 /* Build configuration list for PBXNativeTarget "rick-mortyUITests" */ = {
			isa = XCConfigurationList;
			buildConfigurations = (
				D8238CE72B6BC9A800EBD224 /* Debug */,
				D8238CE82B6BC9A800EBD224 /* Release */,
			);
			defaultConfigurationIsVisible = 0;
			defaultConfigurationName = Release;
		};
/* End XCConfigurationList section */
	};
	rootObject = D8238CAE2B6BC9A600EBD224 /* Project object */;
}
